<?xml version="1.0" encoding="utf-8"?>
<Project ToolsVersion="4.0" xmlns="http://schemas.microsoft.com/developer/msbuild/2003">
  <ItemGroup>
    <Filter Include="Arquivos de Origem">
      <UniqueIdentifier>{4FC737F1-C7A5-4376-A066-2A32D752A2FF}</UniqueIdentifier>
      <Extensions>cpp;c;cc;cxx;def;odl;idl;hpj;bat;asm;asmx</Extensions>
    </Filter>
    <Filter Include="Arquivos de Cabeçalho">
      <UniqueIdentifier>{93995380-89BD-4b04-88EB-625FBE52EBFB}</UniqueIdentifier>
      <Extensions>h;hh;hpp;hxx;hm;inl;inc;ipp;xsd</Extensions>
    </Filter>
    <Filter Include="Arquivos de Recurso">
      <UniqueIdentifier>{67DA6AB6-F800-4c08-8B7A-83BB121AAD01}</UniqueIdentifier>
      <Extensions>rc;ico;cur;bmp;dlg;rc2;rct;bin;rgs;gif;jpg;jpeg;jpe;resx;tiff;tif;png;wav;mfcribbon-ms</Extensions>
    </Filter>
    <Filter Include="Shaders">
      <UniqueIdentifier>{f26df7ee-3295-41e5-8177-d7a0b1243d99}</UniqueIdentifier>
    </Filter>
    <Filter Include="images">
      <UniqueIdentifier>{77007f3b-a443-46ec-a049-13770a59d4d1}</UniqueIdentifier>
    </Filter>
  </ItemGroup>
  <ItemGroup>
    <ClCompile Include="source.cpp">
      <Filter>Arquivos de Recurso</Filter>
    </ClCompile>
    <ClCompile Include="objloader.cpp">
      <Filter>Arquivos de Recurso</Filter>
    </ClCompile>
    <ClCompile Include="texture.cpp">
      <Filter>Arquivos de Recurso</Filter>
    </ClCompile>
    <ClCompile Include="shader.cpp">
      <Filter>Arquivos de Recurso</Filter>
    </ClCompile>
  </ItemGroup>
  <ItemGroup>
    <None Include="lighting.fs">
      <Filter>Shaders</Filter>
    </None>
    <None Include="lighting.vs">
      <Filter>Shaders</Filter>
    </None>
    <None Include="lamp.fs">
      <Filter>Shaders</Filter>
    </None>
    <None Include="lamp.vs">
      <Filter>Shaders</Filter>
    </None>
    <None Include="TextureFragmentShader.fragmentshader">
      <Filter>Shaders</Filter>
    </None>
    <None Include="TransformVertexShader.vertexshader">
      <Filter>Shaders</Filter>
    </None>
  </ItemGroup>
  <ItemGroup>
    <ClInclude Include="Shader.h">
      <Filter>Arquivos de Cabeçalho</Filter>
    </ClInclude>
    <ClInclude Include="Camera.h">
      <Filter>Arquivos de Cabeçalho</Filter>
    </ClInclude>
    <ClInclude Include="objloader.hpp">
      <Filter>Arquivos de Cabeçalho</Filter>
    </ClInclude>
    <ClInclude Include="texture.hpp">
      <Filter>Arquivos de Cabeçalho</Filter>
    </ClInclude>
    <ClInclude Include="shader.hpp">
      <Filter>Arquivos de Cabeçalho</Filter>
    </ClInclude>
  </ItemGroup>
  <ItemGroup>
    <Image Include="images\som.png">
      <Filter>images</Filter>
    </Image>
    <Image Include="images\container2.png">
      <Filter>images</Filter>
    </Image>
    <Image Include="images\container2_specular.png">
      <Filter>images</Filter>
    </Image>
  </ItemGroup>
</Project>