
Microsoft Visual Studio Solution File, Format Version 12.00
# Visual Studio 15
VisualStudioVersion = 15.0.28307.572
MinimumVisualStudioVersion = 10.0.40219.1
Project("{8BC9CEB8-8B4A-11D0-8D11-00A0C91BC942}") = "Agreste-Game-Engine", "Agreste-Game-Engine\Agreste-Game-Engine.vcxproj", "{FB80C1CB-63DE-47AD-9566-C996CE8AB436}"
EndProject
Global
	GlobalSection(SolutionConfigurationPlatforms) = preSolution
		Debug|x64 = Debug|x64
		Debug|x86 = Debug|x86
		Release|x64 = Release|x64
		Release|x86 = Release|x86
	EndGlobalSection
	GlobalSection(ProjectConfigurationPlatforms) = postSolution
		{FB80C1CB-63DE-47AD-9566-C996CE8AB436}.Debug|x64.ActiveCfg = Debug|x64
		{FB80C1CB-63DE-47AD-9566-C996CE8AB436}.Debug|x64.Build.0 = Debug|x64
		{FB80C1CB-63DE-47AD-9566-C996CE8AB436}.Debug|x86.ActiveCfg = Debug|Win32
		{FB80C1CB-63DE-47AD-9566-C996CE8AB436}.Debug|x86.Build.0 = Debug|Win32
		{FB80C1CB-63DE-47AD-9566-C996CE8AB436}.Release|x64.ActiveCfg = Release|x64
		{FB80C1CB-63DE-47AD-9566-C996CE8AB436}.Release|x64.Build.0 = Release|x64
		{FB80C1CB-63DE-47AD-9566-C996CE8AB436}.Release|x86.ActiveCfg = Release|Win32
		{FB80C1CB-63DE-47AD-9566-C996CE8AB436}.Release|x86.Build.0 = Release|Win32
	EndGlobalSection
	GlobalSection(SolutionProperties) = preSolution
		HideSolutionNode = FALSE
	EndGlobalSection
	GlobalSection(ExtensibilityGlobals) = postSolution
		SolutionGuid = {6B336B19-85F8-4F95-91B5-DEB02DBF5B57}
	EndGlobalSection
EndGlobal
